
Microsoft Visual Studio Solution File, Format Version 12.00
# Visual Studio Version 17
VisualStudioVersion = 17.4.33213.308
MinimumVisualStudioVersion = 10.0.40219.1
Project("{FAE04EC0-301F-11D3-BF4B-00C04F79EFBC}") = "enlimahotel", "traveloka\enlimahotel.csproj", "{E82A16A3-96D9-4DD9-82FD-9E232BC0B70F}"
EndProject
Global
	GlobalSection(SolutionConfigurationPlatforms) = preSolution
		Debug|Any CPU = Debug|Any CPU
		Release|Any CPU = Release|Any CPU
	EndGlobalSection
	GlobalSection(ProjectConfigurationPlatforms) = postSolution
		{E82A16A3-96D9-4DD9-82FD-9E232BC0B70F}.Debug|Any CPU.ActiveCfg = Debug|Any CPU
		{E82A16A3-96D9-4DD9-82FD-9E232BC0B70F}.Debug|Any CPU.Build.0 = Debug|Any CPU
		{E82A16A3-96D9-4DD9-82FD-9E232BC0B70F}.Release|Any CPU.ActiveCfg = Release|Any CPU
		{E82A16A3-96D9-4DD9-82FD-9E232BC0B70F}.Release|Any CPU.Build.0 = Release|Any CPU
	EndGlobalSection
	GlobalSection(SolutionProperties) = preSolution
		HideSolutionNode = FALSE
	EndGlobalSection
	GlobalSection(ExtensibilityGlobals) = postSolution
		SolutionGuid = {357C4667-76B5-4FF4-A246-3A37E555CFF2}
	EndGlobalSection
EndGlobal
